{
  "version": "2",
  "remote": {
    "https://deno.land/std@0.119.0/fmt/colors.ts": "8368ddf2d48dfe413ffd04cdbb7ae6a1009cf0dccc9c7ff1d76259d9c61a0621",
    "https://deno.land/std@0.158.0/_util/assert.ts": "e94f2eb37cebd7f199952e242c77654e43333c1ac4c5c700e929ea3aa5489f74",
    "https://deno.land/std@0.158.0/async/abortable.ts": "87aa7230be8360c24ad437212311c9e8d4328854baec27b4c7abb26e85515c06",
    "https://deno.land/std@0.158.0/async/deadline.ts": "48ac998d7564969f3e6ec6b6f9bf0217ebd00239b1b2292feba61272d5dd58d0",
    "https://deno.land/std@0.158.0/async/debounce.ts": "de5433bff08a2bb61416fc53b3bd2d5867090c8a815465e5b4a10a77495b1051",
    "https://deno.land/std@0.158.0/async/deferred.ts": "c01de44b9192359cebd3fe93273fcebf9e95110bf3360023917da9a2d1489fae",
    "https://deno.land/std@0.158.0/async/delay.ts": "0419dfc993752849692d1f9647edf13407c7facc3509b099381be99ffbc9d699",
    "https://deno.land/std@0.158.0/async/mod.ts": "dd0a8ed4f3984ffabe2fcca7c9f466b7932d57b1864ffee148a5d5388316db6b",
    "https://deno.land/std@0.158.0/async/mux_async_iterator.ts": "3447b28a2a582224a3d4d3596bccbba6e85040da3b97ed64012f7decce98d093",
    "https://deno.land/std@0.158.0/async/pool.ts": "ef9eb97b388543acbf0ac32647121e4dbe629236899586c4d4311a8770fbb239",
    "https://deno.land/std@0.158.0/async/tee.ts": "d27680d911816fcb3d231e16d690e7588079e66a9b2e5ce8cc354db94fdce95f",
    "https://deno.land/std@0.158.0/datetime/formatter.ts": "7c8e6d16a0950f400aef41b9f1eb9168249869776ec520265dfda785d746589e",
    "https://deno.land/std@0.158.0/datetime/mod.ts": "701f01f0a3c9d4a6e7802ad245ac6dbef1118bdb104ef7965107d6dd8a0ebaf9",
    "https://deno.land/std@0.158.0/datetime/tokenizer.ts": "7381e28f6ab51cb504c7e132be31773d73ef2f3e1e50a812736962b9df1e8c47",
    "https://deno.land/std@0.158.0/http/cookie.ts": "7a61e920f19c9c3ee8e07befe5fe5a530114d6babefd9ba2c50594cab724a822",
    "https://deno.land/std@0.158.0/http/http_status.ts": "897575a7d6bc2b9123f6a38ecbc0f03d95a532c5d92029315dc9f508e12526b8",
    "https://deno.land/std@0.158.0/http/server.ts": "cd8fb4655fea0e3266b61c407e8e016be2a1f0fa020b25583c3c095e46105fbc",
    "https://deno.land/std@0.165.0/_util/asserts.ts": "d0844e9b62510f89ce1f9878b046f6a57bf88f208a10304aab50efcb48365272",
    "https://deno.land/std@0.165.0/_util/os.ts": "8a33345f74990e627b9dfe2de9b040004b08ea5146c7c9e8fe9a29070d193934",
    "https://deno.land/std@0.165.0/async/abortable.ts": "87aa7230be8360c24ad437212311c9e8d4328854baec27b4c7abb26e85515c06",
    "https://deno.land/std@0.165.0/async/deadline.ts": "48ac998d7564969f3e6ec6b6f9bf0217ebd00239b1b2292feba61272d5dd58d0",
    "https://deno.land/std@0.165.0/async/debounce.ts": "dc8b92d4a4fe7eac32c924f2b8d3e62112530db70cadce27042689d82970b350",
    "https://deno.land/std@0.165.0/async/deferred.ts": "d8fb253ffde2a056e4889ef7e90f3928f28be9f9294b6505773d33f136aab4e6",
    "https://deno.land/std@0.165.0/async/delay.ts": "0419dfc993752849692d1f9647edf13407c7facc3509b099381be99ffbc9d699",
    "https://deno.land/std@0.165.0/async/mod.ts": "dd0a8ed4f3984ffabe2fcca7c9f466b7932d57b1864ffee148a5d5388316db6b",
    "https://deno.land/std@0.165.0/async/mux_async_iterator.ts": "3447b28a2a582224a3d4d3596bccbba6e85040da3b97ed64012f7decce98d093",
    "https://deno.land/std@0.165.0/async/pool.ts": "ef9eb97b388543acbf0ac32647121e4dbe629236899586c4d4311a8770fbb239",
    "https://deno.land/std@0.165.0/async/tee.ts": "9af3a3e7612af75861308b52249e167f5ebc3dcfc8a1a4d45462d96606ee2b70",
    "https://deno.land/std@0.165.0/bytes/bytes_list.ts": "aba5e2369e77d426b10af1de0dcc4531acecec27f9b9056f4f7bfbf8ac147ab4",
    "https://deno.land/std@0.165.0/bytes/equals.ts": "3c3558c3ae85526f84510aa2b48ab2ad7bdd899e2e0f5b7a8ffc85acb3a6043a",
    "https://deno.land/std@0.165.0/bytes/mod.ts": "b2e342fd3669176a27a4e15061e9d588b89c1aaf5008ab71766e23669565d179",
    "https://deno.land/std@0.165.0/crypto/timing_safe_equal.ts": "3784958e40a5fe10429a68b75cc5f8d34356bf0bc2eb93c80c3033e2a6f17821",
    "https://deno.land/std@0.165.0/encoding/base64.ts": "c57868ca7fa2fbe919f57f88a623ad34e3d970d675bdc1ff3a9d02bba7409db2",
    "https://deno.land/std@0.165.0/encoding/base64url.ts": "a5f82a9fa703bd85a5eb8e7c1296bc6529e601ebd9642cc2b5eaa6b38fa9e05a",
    "https://deno.land/std@0.165.0/flags/mod.ts": "3b459daf581e047819b6b799c92b96c81b4eecbd5ea025643d54dc0abc6ac923",
    "https://deno.land/std@0.165.0/fmt/printf.ts": "111a4df40a81799da778421ae0260f278e5d79877e30e92403cd57d197a8d1b0",
    "https://deno.land/std@0.165.0/fs/exists.ts": "6a447912e49eb79cc640adacfbf4b0baf8e17ede6d5bed057062ce33c4fa0d68",
    "https://deno.land/std@0.165.0/io/buffer.ts": "245f1762a949082ddc0a6e9b15589d0be2d29c150266decd04320b8a8318f9f6",
    "https://deno.land/std@0.165.0/io/types.d.ts": "107e1e64834c5ba917c783f446b407d33432c5d612c4b3430df64fc2b4ecf091",
    "https://deno.land/std@0.165.0/node/_core.ts": "cd45c0cfa412ff57762b600710574a46f923dfa372003d9dfe52304000393b9b",
    "https://deno.land/std@0.165.0/node/_events.d.ts": "3899ee9c37055fbb750e32cb43d7c435077c04446af948300080e1a590c6edf0",
    "https://deno.land/std@0.165.0/node/_events.mjs": "303e8aa60ace559e4ca0d19e8475f87311bee9e8330b4b497644d70f2002fc27",
    "https://deno.land/std@0.165.0/node/_fs/_fs_access.ts": "5d81f8b3d3b0832f8444389158fa84d2126f423694d54772a8d1f19558973937",
    "https://deno.land/std@0.165.0/node/_fs/_fs_appendFile.ts": "f9d83bce0d3eae04246916da5b048313c24d88dfaf063f779c3434f0399d9042",
    "https://deno.land/std@0.165.0/node/_fs/_fs_chmod.ts": "c1a65080458afbeba8ad0824664f824b167c39ee02ef6b0d04bcbc123a3f897e",
    "https://deno.land/std@0.165.0/node/_fs/_fs_chown.ts": "e072f87628cfea956e945787f0e8af47be325b2e3183ae095279472b1fb9d085",
    "https://deno.land/std@0.165.0/node/_fs/_fs_close.ts": "b23915f763addce9d96116c1e3179d9d33c596903f57e20afa46c4333072a460",
    "https://deno.land/std@0.165.0/node/_fs/_fs_common.ts": "a4f820c9750fea15e90e32fab268658cc88113ce1b884a6cda43c85fbff5a3c7",
    "https://deno.land/std@0.165.0/node/_fs/_fs_constants.ts": "66a07e0c0279ec118851cf30570d25bce3ac13dedb269d53d04e342bbad28cca",
    "https://deno.land/std@0.165.0/node/_fs/_fs_copy.ts": "692b9235a9c267e4c2604b4a228da5ef1c0ad0977ed086187fc86bc978c82913",
    "https://deno.land/std@0.165.0/node/_fs/_fs_dir.ts": "beeafa572154696433d8b90424bba13a6139647877732f23d4ab4fc9608984ef",
    "https://deno.land/std@0.165.0/node/_fs/_fs_dirent.ts": "649c0a794e7b8d930cdd7e6a168b404aa0448bf784e0cfbe1bd6d25b99052273",
    "https://deno.land/std@0.165.0/node/_fs/_fs_exists.ts": "87b063b7b1a59b5d2302ba2de2204fbccc1bfbe7fafede8678694cae45b77682",
    "https://deno.land/std@0.165.0/node/_fs/_fs_fdatasync.ts": "bbd078fea6c62c64d898101d697aefbfbb722797a75e328a82c2a4f2e7eb963d",
    "https://deno.land/std@0.165.0/node/_fs/_fs_fstat.ts": "559ff6ff094337db37b0f3108aeaecf42672795af45b206adbd90105afebf9c6",
    "https://deno.land/std@0.165.0/node/_fs/_fs_fsync.ts": "590be69ce5363dd4f8867f244cfabe8df89d40f86bbbe44fd00d69411d0b798e",
    "https://deno.land/std@0.165.0/node/_fs/_fs_ftruncate.ts": "8eb2a9fcf026bd9b85dc07a22bc452c48db4be05ab83f5f2b6a0549e15c1f75f",
    "https://deno.land/std@0.165.0/node/_fs/_fs_futimes.ts": "89c71d38dd6b8e0a97470f3545d739ba04f6e3ca981a664404a825fd772ac2a2",
    "https://deno.land/std@0.165.0/node/_fs/_fs_link.ts": "f7c60f989a60becd6cdc1c553122be34f7c2ed83a900448757982683cebc0ffd",
    "https://deno.land/std@0.165.0/node/_fs/_fs_lstat.ts": "c26a406ccdbc95dd7dab75aca0019b45b41edc07bebd40d9de183780d647a064",
    "https://deno.land/std@0.165.0/node/_fs/_fs_mkdir.ts": "007e5cef536f1f64b10598951d8413aaebdc5ce6a26cb170b8cba1737a8c086d",
    "https://deno.land/std@0.165.0/node/_fs/_fs_mkdtemp.ts": "a037c457d6542eb16df903f7126a4ddb174e37c7d7a58c6fbff86a2147b78509",
    "https://deno.land/std@0.165.0/node/_fs/_fs_open.ts": "41bfe4259f679cf4b407b551896ff0debc16e9b8003be00dc93321a75031749f",
    "https://deno.land/std@0.165.0/node/_fs/_fs_opendir.ts": "4a678152c184b9bbdafc3fbf53f4b2a942f74b954bcbcf6104990957170b2d8b",
    "https://deno.land/std@0.165.0/node/_fs/_fs_read.ts": "6c9a63689bf373aa2b6572e077c446572074dd25868994b0804ac2c644ddf438",
    "https://deno.land/std@0.165.0/node/_fs/_fs_readFile.ts": "7c42f8cb4bad2e37a53314de7831c0735bae010712fd914471850caa4d322ffd",
    "https://deno.land/std@0.165.0/node/_fs/_fs_readdir.ts": "8d186b470aea8411c794687b20effaf1f478abb59956c67b671691d9444b7786",
    "https://deno.land/std@0.165.0/node/_fs/_fs_readlink.ts": "a5582656af6f09361ecb408ed3c0ad3cc3afd683403539e4c22aa06deab90fc0",
    "https://deno.land/std@0.165.0/node/_fs/_fs_realpath.ts": "0bf961c7b13d83e39b21255237b7ef352beb778a8274d03f2419907a8cd5c09c",
    "https://deno.land/std@0.165.0/node/_fs/_fs_rename.ts": "9aa3cf6643499a38ccbfb14435239c7fc0da6b4cb5b5ab1c9e676d42daf27b71",
    "https://deno.land/std@0.165.0/node/_fs/_fs_rm.ts": "82e926fe3e11e2a7f56116d3b7005372c339010cc1a7566a37a5591d19d680c6",
    "https://deno.land/std@0.165.0/node/_fs/_fs_rmdir.ts": "109fb603373cf5318f8d2e19b3704b8493b4de954873df28a0d066afd0b0f5e0",
    "https://deno.land/std@0.165.0/node/_fs/_fs_stat.ts": "4ccc93cd1938e5dcc5298feb9c6f0bc9f444fa8565c726854ea40210b93d254c",
    "https://deno.land/std@0.165.0/node/_fs/_fs_symlink.ts": "a9fe02e745a8ab28e152f37e316cb204382f86ebafc3bcf32a9374cf9d369181",
    "https://deno.land/std@0.165.0/node/_fs/_fs_truncate.ts": "1fe9cba3a54132426927639c024a7a354455e5a13b3b3143ad1c25ed0b5fc288",
    "https://deno.land/std@0.165.0/node/_fs/_fs_unlink.ts": "d845c8067a2ba55c443e04d2706e6a4e53735488b30fc317418c9f75127913b0",
    "https://deno.land/std@0.165.0/node/_fs/_fs_utimes.ts": "194eeb8dab1ebdf274f784a38241553cc440305461b30c987ecef1a24dfc01ca",
    "https://deno.land/std@0.165.0/node/_fs/_fs_watch.ts": "aef811e78e04cff3da30dcd334af8d85018f915d1ec7b95f05b2e4c48a7b7a4f",
    "https://deno.land/std@0.165.0/node/_fs/_fs_write.d.ts": "deb5c1a98b6cb1aa79f773f3b8fc9410463f0e30fede1ff9df2652fc11b69d35",
    "https://deno.land/std@0.165.0/node/_fs/_fs_write.mjs": "265f1291a2e908fd2da9fc3cb541be09a592119a29767708354a3bec18645b04",
    "https://deno.land/std@0.165.0/node/_fs/_fs_writeFile.ts": "7bd32ee95836bb04f71c63f3f055de147953f431d3afa5596915c22cf33e41ed",
    "https://deno.land/std@0.165.0/node/_fs/_fs_writev.d.ts": "2cc02fc9ed20292e09a22bf215635804f397d9b8ed2df62067a42f3be1b31b76",
    "https://deno.land/std@0.165.0/node/_fs/_fs_writev.mjs": "e500af8857779d404302658225c249b89f20fa4c40058c645b555dd70ca6b54f",
    "https://deno.land/std@0.165.0/node/_global.d.ts": "6dadaf8cec2a0c506b22170617286e0bdc80be53dd0673e67fc7dd37a1130c68",
    "https://deno.land/std@0.165.0/node/_next_tick.ts": "81c1826675493b76f90c646fb1274a4c84b5cc913a80ca4526c32cd7c46a0b06",
    "https://deno.land/std@0.165.0/node/_process/exiting.ts": "bc9694769139ffc596f962087155a8bfef10101d03423b9dcbc51ce6e1f88fce",
    "https://deno.land/std@0.165.0/node/_process/process.ts": "d5bf113a4b62f4abe4cb7ec5a9d00d44dac0ad9e82a23d00cc27d71e05ae8b66",
    "https://deno.land/std@0.165.0/node/_process/stdio.mjs": "971c3b086040d8521562155db13f22f9971d5c42c852b2081d4d2f0d8b6ab6bd",
    "https://deno.land/std@0.165.0/node/_process/streams.mjs": "3ce63d9eb24a8a8ec45eeebf5c184b43d888064f663f87e8f453888368e00f90",
    "https://deno.land/std@0.165.0/node/_stream.d.ts": "83e9da2f81de3205926f1e86ba54442aa5a3caf4c5e84a4c8699402ad340142b",
    "https://deno.land/std@0.165.0/node/_stream.mjs": "9a80217d9734f6e4284aae0ea55dd82b243f5517bc1814e983ad41b01732f712",
    "https://deno.land/std@0.165.0/node/_util/_util_callbackify.ts": "a71353d5fde3dc785cfdf6b6bcad1379a9c78b374720af4aaa7f88ffab2bac0e",
    "https://deno.land/std@0.165.0/node/_utils.ts": "1085a229e910b3a6672f3c3be05507591811dc67be2ae2188e9fc9ef4376b172",
    "https://deno.land/std@0.165.0/node/buffer.ts": "43f07b2d1523345bf35b7deb7fcdad6e916020a631a7bc1b5efcaff556db4e1d",
    "https://deno.land/std@0.165.0/node/events.ts": "f848398d3591534ca94ac6b852a9f3c4dbb2da310c3a26059cf4ff06b7eae088",
    "https://deno.land/std@0.165.0/node/fs.ts": "f948e8365914c122f8402e216ec10adf49bd60dd0da68e772f6fe083d4936186",
    "https://deno.land/std@0.165.0/node/internal/assert.mjs": "118327c8866266534b30d3a36ad978204af7336dc2db3158b8167192918d4e06",
    "https://deno.land/std@0.165.0/node/internal/buffer.d.ts": "90f674081428a61978b6d481c5f557ff743a3f4a85d7ae113caab48fdf5b8a63",
    "https://deno.land/std@0.165.0/node/internal/buffer.mjs": "70b74b34f1617b3492aee6dec35c7bdabbf26e034bfcf640aa61b3d63c5c850f",
    "https://deno.land/std@0.165.0/node/internal/crypto/_keys.ts": "63229ff3d8d15b5bd0a1d2ebc19313cbb8ac969875bf16df1ce4f2b497d74fb5",
    "https://deno.land/std@0.165.0/node/internal/crypto/constants.ts": "d2c8821977aef55e4d66414d623c24a2447791a8b49b6404b8db32d81e20c315",
    "https://deno.land/std@0.165.0/node/internal/error_codes.ts": "ac03c4eae33de3a69d6c98e8678003207eecf75a6900eb847e3fea3c8c9e6d8f",
    "https://deno.land/std@0.165.0/node/internal/errors.ts": "b9aec7d1fe3eaf21322d0ea9dc2fcb344055d6b0c7a1bd0f62a0c379a5baa799",
    "https://deno.land/std@0.165.0/node/internal/fixed_queue.ts": "455b3c484de48e810b13bdf95cd1658ecb1ba6bcb8b9315ffe994efcde3ba5f5",
    "https://deno.land/std@0.165.0/node/internal/fs/streams.ts": "e68430e65f42a8d8b793babae87dfaa406d61d3c54f985dcb0e3ee532eae8d4c",
    "https://deno.land/std@0.165.0/node/internal/fs/utils.mjs": "7b1bb3f46a676303d2a873bb9c36f199bd2c253451d4bd013ac906a6accea5bd",
    "https://deno.land/std@0.165.0/node/internal/hide_stack_frames.ts": "a91962ec84610bc7ec86022c4593cdf688156a5910c07b5bcd71994225c13a03",
    "https://deno.land/std@0.165.0/node/internal/idna.ts": "3aed89919e3078160733b6e6ac60fdb06052cf0418acbabcf86f90017d102b78",
    "https://deno.land/std@0.165.0/node/internal/net.ts": "1239886cd2508a68624c2dae8abf895e8aa3bb15a748955349f9ac5539032238",
    "https://deno.land/std@0.165.0/node/internal/normalize_encoding.mjs": "3779ec8a7adf5d963b0224f9b85d1bc974a2ec2db0e858396b5d3c2c92138a0a",
    "https://deno.land/std@0.165.0/node/internal/options.ts": "a23c285975e058cb26a19abcb048cd8b46ab12d21cfb028868ac8003fffb43ac",
    "https://deno.land/std@0.165.0/node/internal/primordials.mjs": "7cf5afe471583e4a384eeea109bdff276b6b7f3a3af830f99f951fb7d57ef423",
    "https://deno.land/std@0.165.0/node/internal/process/per_thread.mjs": "bc1be72a6a662bf81573c20fe74893374847a7302065ddf52fb3fb2af505f31f",
    "https://deno.land/std@0.165.0/node/internal/querystring.ts": "c3b23674a379f696e505606ddce9c6feabe9fc497b280c56705c340f4028fe74",
    "https://deno.land/std@0.165.0/node/internal/readline/callbacks.mjs": "17d9270a54fb5dceea8f894669e3401e5c6260bab075a1e9675a62f1fef50d8c",
    "https://deno.land/std@0.165.0/node/internal/readline/utils.mjs": "a93ebb99f85e0dbb4f05f4aff5583d12a15150e45c335e4ecf925e1879dc9c84",
    "https://deno.land/std@0.165.0/node/internal/streams/destroy.mjs": "9c9bbeb172a437041d529829f433df72cf0b63ae49f3ee6080a55ffbef7572ad",
    "https://deno.land/std@0.165.0/node/internal/streams/end-of-stream.mjs": "38be76eaceac231dfde643e72bc0940625446bf6d1dbd995c91c5ba9fd59b338",
    "https://deno.land/std@0.165.0/node/internal/streams/utils.mjs": "a0a6b93a7e68ef52bef4ed00b0c82bb7e335abf360af57335b07c6a3fcdde717",
    "https://deno.land/std@0.165.0/node/internal/url.ts": "eacef0ace4f4c5394e9818a81499f4871b2a993d1bd3b902047e44a381ef0e22",
    "https://deno.land/std@0.165.0/node/internal/util.mjs": "35d24fb775468cd24443bcf0ec68904b8aa44e5b53845491a5e3382421917f9a",
    "https://deno.land/std@0.165.0/node/internal/util/comparisons.ts": "4093f52f05d84842b46496e448fa8d708e25c6d6b8971505fd4913a9d7075934",
    "https://deno.land/std@0.165.0/node/internal/util/debuglog.ts": "570c399f0a066b81f0836eeb926b9142ae7f1738cee9abd85cd12ce32092d5af",
    "https://deno.land/std@0.165.0/node/internal/util/inspect.mjs": "1ddace0c97719d2cc0869ba177d375e96051301352ec235cbfb2ecbfcd4e8fba",
    "https://deno.land/std@0.165.0/node/internal/util/types.ts": "de6e2b7f9b9985ab881b1e78f05ae51d1fc829ae1584063df21e57b35312f3c4",
    "https://deno.land/std@0.165.0/node/internal/validators.mjs": "67deae0f488d013c8bf485742a5478112b8e48837cb2458c4a8b2669cf7017db",
    "https://deno.land/std@0.165.0/node/internal_binding/_libuv_winerror.ts": "801e05c2742ae6cd42a5f0fd555a255a7308a65732551e962e5345f55eedc519",
    "https://deno.land/std@0.165.0/node/internal_binding/_listen.ts": "c15a356ef4758770fc72d3ca4db33f0cc321016df1aafb927c027c0d73ac2c42",
    "https://deno.land/std@0.165.0/node/internal_binding/_node.ts": "e4075ba8a37aef4eb5b592c8e3807c39cb49ca8653faf8e01a43421938076c1b",
    "https://deno.land/std@0.165.0/node/internal_binding/_timingSafeEqual.ts": "80640f055101071cb3680a2d8a1fead5fd260ca8bf183efb94296b69463e06cd",
    "https://deno.land/std@0.165.0/node/internal_binding/_utils.ts": "1c50883b5751a9ea1b38951e62ed63bacfdc9d69ea665292edfa28e1b1c5bd94",
    "https://deno.land/std@0.165.0/node/internal_binding/_winerror.ts": "8811d4be66f918c165370b619259c1f35e8c3e458b8539db64c704fbde0a7cd2",
    "https://deno.land/std@0.165.0/node/internal_binding/ares.ts": "33ff8275bc11751219af8bd149ea221c442d7e8676e3e9f20ccb0e1f0aac61b8",
    "https://deno.land/std@0.165.0/node/internal_binding/async_wrap.ts": "b83e4021a4854b2e13720f96d21edc11f9905251c64c1bc625a361f574400959",
    "https://deno.land/std@0.165.0/node/internal_binding/buffer.ts": "781e1d13adc924864e6e37ecb5152e8a4e994cf394695136e451c47f00bda76c",
    "https://deno.land/std@0.165.0/node/internal_binding/cares_wrap.ts": "720e6d5cff7018bb3d00e1a49dd4c31f0fc6af3a593ab68cd39e3592ed163d61",
    "https://deno.land/std@0.165.0/node/internal_binding/config.ts": "e292217d048a33573966b7d25352828d3282921fbcadce8735a20fb3da370cc4",
    "https://deno.land/std@0.165.0/node/internal_binding/connection_wrap.ts": "9debd4210d29c658054476fcb640c900725f564ef35412c56dc79eb07213a7c1",
    "https://deno.land/std@0.165.0/node/internal_binding/constants.ts": "f4afc504137fb21f3908ab549931604968dfa62432b285a0874f41c4cade9ed2",
    "https://deno.land/std@0.165.0/node/internal_binding/contextify.ts": "e292217d048a33573966b7d25352828d3282921fbcadce8735a20fb3da370cc4",
    "https://deno.land/std@0.165.0/node/internal_binding/credentials.ts": "e292217d048a33573966b7d25352828d3282921fbcadce8735a20fb3da370cc4",
    "https://deno.land/std@0.165.0/node/internal_binding/crypto.ts": "d7f39700dc020364edf7f4785e5026bb91f099ce1bd02734182451b1af300c8c",
    "https://deno.land/std@0.165.0/node/internal_binding/errors.ts": "e292217d048a33573966b7d25352828d3282921fbcadce8735a20fb3da370cc4",
    "https://deno.land/std@0.165.0/node/internal_binding/fs.ts": "e292217d048a33573966b7d25352828d3282921fbcadce8735a20fb3da370cc4",
    "https://deno.land/std@0.165.0/node/internal_binding/fs_dir.ts": "e292217d048a33573966b7d25352828d3282921fbcadce8735a20fb3da370cc4",
    "https://deno.land/std@0.165.0/node/internal_binding/fs_event_wrap.ts": "e292217d048a33573966b7d25352828d3282921fbcadce8735a20fb3da370cc4",
    "https://deno.land/std@0.165.0/node/internal_binding/handle_wrap.ts": "71c451060c9f555066d3ebe80de039a4e493a94b76c664450fbefd8f4167eb7e",
    "https://deno.land/std@0.165.0/node/internal_binding/heap_utils.ts": "e292217d048a33573966b7d25352828d3282921fbcadce8735a20fb3da370cc4",
    "https://deno.land/std@0.165.0/node/internal_binding/http_parser.ts": "e292217d048a33573966b7d25352828d3282921fbcadce8735a20fb3da370cc4",
    "https://deno.land/std@0.165.0/node/internal_binding/icu.ts": "e292217d048a33573966b7d25352828d3282921fbcadce8735a20fb3da370cc4",
    "https://deno.land/std@0.165.0/node/internal_binding/inspector.ts": "e292217d048a33573966b7d25352828d3282921fbcadce8735a20fb3da370cc4",
    "https://deno.land/std@0.165.0/node/internal_binding/js_stream.ts": "e292217d048a33573966b7d25352828d3282921fbcadce8735a20fb3da370cc4",
    "https://deno.land/std@0.165.0/node/internal_binding/messaging.ts": "e292217d048a33573966b7d25352828d3282921fbcadce8735a20fb3da370cc4",
    "https://deno.land/std@0.165.0/node/internal_binding/mod.ts": "f68e74e8eed84eaa6b0de24f0f4c47735ed46866d7ee1c5a5e7c0667b4f0540f",
    "https://deno.land/std@0.165.0/node/internal_binding/module_wrap.ts": "e292217d048a33573966b7d25352828d3282921fbcadce8735a20fb3da370cc4",
    "https://deno.land/std@0.165.0/node/internal_binding/native_module.ts": "e292217d048a33573966b7d25352828d3282921fbcadce8735a20fb3da370cc4",
    "https://deno.land/std@0.165.0/node/internal_binding/natives.ts": "e292217d048a33573966b7d25352828d3282921fbcadce8735a20fb3da370cc4",
    "https://deno.land/std@0.165.0/node/internal_binding/node_file.ts": "37d6864897547d95ca24e0f5d01035915db0065bff128bc22191bc93f9ad59ad",
    "https://deno.land/std@0.165.0/node/internal_binding/node_options.ts": "b098e6a1c80fa5003a1669c6828539167ab19337e13d20a47b610144cb888cef",
    "https://deno.land/std@0.165.0/node/internal_binding/options.ts": "e292217d048a33573966b7d25352828d3282921fbcadce8735a20fb3da370cc4",
    "https://deno.land/std@0.165.0/node/internal_binding/os.ts": "e292217d048a33573966b7d25352828d3282921fbcadce8735a20fb3da370cc4",
    "https://deno.land/std@0.165.0/node/internal_binding/performance.ts": "e292217d048a33573966b7d25352828d3282921fbcadce8735a20fb3da370cc4",
    "https://deno.land/std@0.165.0/node/internal_binding/pipe_wrap.ts": "105c73f268cb9ca1c6cebaf4bea089ab12e0c21c8c4e10bb0a14b0abd3e1661e",
    "https://deno.land/std@0.165.0/node/internal_binding/process_methods.ts": "e292217d048a33573966b7d25352828d3282921fbcadce8735a20fb3da370cc4",
    "https://deno.land/std@0.165.0/node/internal_binding/report.ts": "e292217d048a33573966b7d25352828d3282921fbcadce8735a20fb3da370cc4",
    "https://deno.land/std@0.165.0/node/internal_binding/serdes.ts": "e292217d048a33573966b7d25352828d3282921fbcadce8735a20fb3da370cc4",
    "https://deno.land/std@0.165.0/node/internal_binding/signal_wrap.ts": "e292217d048a33573966b7d25352828d3282921fbcadce8735a20fb3da370cc4",
    "https://deno.land/std@0.165.0/node/internal_binding/spawn_sync.ts": "e292217d048a33573966b7d25352828d3282921fbcadce8735a20fb3da370cc4",
    "https://deno.land/std@0.165.0/node/internal_binding/stream_wrap.ts": "ecbd50a6c6ff7f6fea9bdfdc7b3977637cd854814c812b59296458ca2f0fc209",
    "https://deno.land/std@0.165.0/node/internal_binding/string_decoder.ts": "5cb1863763d1e9b458bc21d6f976f16d9c18b3b3f57eaf0ade120aee38fba227",
    "https://deno.land/std@0.165.0/node/internal_binding/symbols.ts": "51cfca9bb6132d42071d4e9e6b68a340a7f274041cfcba3ad02900886e972a6c",
    "https://deno.land/std@0.165.0/node/internal_binding/task_queue.ts": "e292217d048a33573966b7d25352828d3282921fbcadce8735a20fb3da370cc4",
    "https://deno.land/std@0.165.0/node/internal_binding/tcp_wrap.ts": "4217fa10072e048a26f26e5f548b3f38422452c9956265592cac57379a610acb",
    "https://deno.land/std@0.165.0/node/internal_binding/timers.ts": "e292217d048a33573966b7d25352828d3282921fbcadce8735a20fb3da370cc4",
    "https://deno.land/std@0.165.0/node/internal_binding/tls_wrap.ts": "e292217d048a33573966b7d25352828d3282921fbcadce8735a20fb3da370cc4",
    "https://deno.land/std@0.165.0/node/internal_binding/trace_events.ts": "e292217d048a33573966b7d25352828d3282921fbcadce8735a20fb3da370cc4",
    "https://deno.land/std@0.165.0/node/internal_binding/tty_wrap.ts": "e292217d048a33573966b7d25352828d3282921fbcadce8735a20fb3da370cc4",
    "https://deno.land/std@0.165.0/node/internal_binding/types.ts": "4c26fb74ba2e45de553c15014c916df6789529a93171e450d5afb016b4c765e7",
    "https://deno.land/std@0.165.0/node/internal_binding/udp_wrap.ts": "cdd0882eff7e7db631d808608d20f5d1269b40fbcedd4a0972d6ed616a855c79",
    "https://deno.land/std@0.165.0/node/internal_binding/url.ts": "e292217d048a33573966b7d25352828d3282921fbcadce8735a20fb3da370cc4",
    "https://deno.land/std@0.165.0/node/internal_binding/util.ts": "faf5146c3cc3b2d6c26026a818b4a16e91488ab26e63c069f36ba3c3ae24c97b",
    "https://deno.land/std@0.165.0/node/internal_binding/uv.ts": "3a63eebe0b69334bab5e9f037aadde1aef59ab21ab0e4cd01ac588d919be2c75",
    "https://deno.land/std@0.165.0/node/internal_binding/v8.ts": "e292217d048a33573966b7d25352828d3282921fbcadce8735a20fb3da370cc4",
    "https://deno.land/std@0.165.0/node/internal_binding/worker.ts": "e292217d048a33573966b7d25352828d3282921fbcadce8735a20fb3da370cc4",
    "https://deno.land/std@0.165.0/node/internal_binding/zlib.ts": "e292217d048a33573966b7d25352828d3282921fbcadce8735a20fb3da370cc4",
    "https://deno.land/std@0.165.0/node/path.ts": "c65858e9cbb52dbc0dd348eefcdc41e82906c39cfa7982f2d4d805e828414b8c",
    "https://deno.land/std@0.165.0/node/path/_constants.ts": "591787ca44a55859644a2d5dbaef43698ab29e72e58fd498ea5e8f78a341ba20",
    "https://deno.land/std@0.165.0/node/path/_interface.ts": "4a6e96c17c1b5acb2b5909583d5808fb4e80e5120d230dd028ec04d2e7d0d906",
    "https://deno.land/std@0.165.0/node/path/_util.ts": "70b4b58098c4638f3bf719fa700c95e308e3984a3f9aca551fab713426ba3cbe",
    "https://deno.land/std@0.165.0/node/path/common.ts": "bee563630abd2d97f99d83c96c2fa0cca7cee103e8cb4e7699ec4d5db7bd2633",
    "https://deno.land/std@0.165.0/node/path/glob.ts": "ea65cb4a531e39173d4b93881ef018d27187be6153386fb8fdb5534838726c04",
    "https://deno.land/std@0.165.0/node/path/mod.ts": "f9125e20031aac43eef8baa58d852427c762541574513f6870d1d0abd8103252",
    "https://deno.land/std@0.165.0/node/path/posix.ts": "e40c13ad352b3814116d25fed5196b59445e98c7802f9b55c0a8e33f0ddfb5bd",
    "https://deno.land/std@0.165.0/node/path/separator.ts": "7176165f5b8351306357503357a3b241861d8b4e6c60aeb4e992da94f9487dc2",
    "https://deno.land/std@0.165.0/node/path/win32.ts": "6554159c6b21a73bb4647c85c44f42cdbbd84c53c37f57a3a195a47d50c0ab92",
    "https://deno.land/std@0.165.0/node/process.ts": "7180a9e7022d62481daf6fac855f440882137046ef6941f659e8d40c077186be",
    "https://deno.land/std@0.165.0/node/querystring.ts": "ec6d8bd8b138a5c53fe8bc25a37bdd654d5fb76918fb6543864d62474b3860a8",
    "https://deno.land/std@0.165.0/node/stream.ts": "2c6d5d207d0ad295f396b34fd03a908c1638beb1754bc9c1fccd9a4cdcace8be",
    "https://deno.land/std@0.165.0/node/string_decoder.ts": "39b3846318f3a60cee417673dab0252a6f400af2e0f2a481bb6d74c00524b597",
    "https://deno.land/std@0.165.0/node/url.ts": "79e7f78678301df8cf15c5f0d4446a7e4754a9e641a99da41b8c0568587e9b84",
    "https://deno.land/std@0.165.0/node/util.ts": "e926d996318017b41812983cacde63e39c92385de7a19a0cb788fc68f73318db",
    "https://deno.land/std@0.165.0/node/util/types.ts": "5948b43e834f73a4becf85b02049632560c65da9c1127e5c533c83d200d3dfcd",
    "https://deno.land/std@0.165.0/path/_constants.ts": "df1db3ffa6dd6d1252cc9617e5d72165cd2483df90e93833e13580687b6083c3",
    "https://deno.land/std@0.165.0/path/_interface.ts": "ee3b431a336b80cf445441109d089b70d87d5e248f4f90ff906820889ecf8d09",
    "https://deno.land/std@0.165.0/path/_util.ts": "d16be2a16e1204b65f9d0dfc54a9bc472cafe5f4a190b3c8471ec2016ccd1677",
    "https://deno.land/std@0.165.0/path/common.ts": "bee563630abd2d97f99d83c96c2fa0cca7cee103e8cb4e7699ec4d5db7bd2633",
    "https://deno.land/std@0.165.0/path/glob.ts": "cb5255638de1048973c3e69e420c77dc04f75755524cb3b2e160fe9277d939ee",
    "https://deno.land/std@0.165.0/path/mod.ts": "56fec03ad0ebd61b6ab39ddb9b0ddb4c4a5c9f2f4f632e09dd37ec9ebfd722ac",
    "https://deno.land/std@0.165.0/path/posix.ts": "6b63de7097e68c8663c84ccedc0fd977656eb134432d818ecd3a4e122638ac24",
    "https://deno.land/std@0.165.0/path/separator.ts": "fe1816cb765a8068afb3e8f13ad272351c85cbc739af56dacfc7d93d710fe0f9",
    "https://deno.land/std@0.165.0/path/win32.ts": "7cebd2bda6657371adc00061a1d23fdd87bcdf64b4843bb148b0b24c11b40f69",
    "https://deno.land/std@0.165.0/streams/conversion.ts": "555c6c249f3acf85655f2d0af52d1cb3168e40b1c1fa26beefea501b333abe28",
    "https://deno.land/std@0.167.0/_util/asserts.ts": "d0844e9b62510f89ce1f9878b046f6a57bf88f208a10304aab50efcb48365272",
    "https://deno.land/std@0.167.0/crypto/_fnv/fnv32.ts": "aa9bddead8c6345087d3abd4ef35fb9655622afc333fc41fff382b36e64280b5",
    "https://deno.land/std@0.167.0/crypto/_fnv/fnv64.ts": "625d7e7505b6cb2e9801b5fd6ed0a89256bac12b2bbb3e4664b85a88b0ec5bef",
    "https://deno.land/std@0.167.0/crypto/_fnv/index.ts": "a8f6a361b4c6d54e5e89c16098f99b6962a1dd6ad1307dbc97fa1ecac5d7060a",
    "https://deno.land/std@0.167.0/crypto/_fnv/util.ts": "4848313bed7f00f55be3cb080aa0583fc007812ba965b03e4009665bde614ce3",
    "https://deno.land/std@0.167.0/crypto/_wasm/lib/deno_std_wasm_crypto.generated.mjs": "71c1ac20f32fdbdc9b31a14917779c7fa392dbc8b050059cbb2c35b400b975b1",
    "https://deno.land/std@0.167.0/crypto/_wasm/mod.ts": "b49ec171049bbbaaed3c5a5a71dfcb3d09f880607c8d9c517638d0443bd0f874",
    "https://deno.land/std@0.167.0/crypto/keystack.ts": "ee8ee58ca876f619cef56f40127405f77f9738f50a459b6ba44234b3a2cb6cc8",
    "https://deno.land/std@0.167.0/crypto/mod.ts": "f953406904aa4257a6c76c40eb74b47d8dad83af8a77f33a4639cbac6d311baf",
    "https://deno.land/std@0.167.0/crypto/timing_safe_equal.ts": "3784958e40a5fe10429a68b75cc5f8d34356bf0bc2eb93c80c3033e2a6f17821",
    "https://deno.land/std@0.167.0/crypto/util.ts": "93fc9dbaa62421538ad60ee65337cbf1d8a0298fac3c4f70b37e5627e7e129eb",
    "https://deno.land/std@0.167.0/dotenv/mod.ts": "9846f28b263c0c793345d74939f69bf34b46446aa2450e070c10a2140064165a",
    "https://deno.land/std@0.167.0/dotenv/util.ts": "6cc392f087577a26a27f0463f77cc0c31a390aa055917099935b36eb2454592d",
    "https://deno.land/std@0.167.0/encoding/base64.ts": "8605e018e49211efc767686f6f687827d7f5fd5217163e981d8d693105640d7a",
    "https://deno.land/std@0.167.0/encoding/base64url.ts": "0283b12fcd306c11e3cf26fc022fecc800c6acc19704ea8bdb3908898fcd06d6",
    "https://deno.land/std@0.167.0/encoding/hex.ts": "b51e99b684486a3ad2406807a8be953f5ef8bac95af202774a759f9fcf0d87a6",
    "https://deno.land/x/drash@v2.7.1/deps.ts": "5c6ccc54bae69f5dcf0efe92e3a8133a073e408ba45ab8cdd4c94d812370862d",
    "https://deno.land/x/drash@v2.7.1/mod.ts": "50f2998206b965d11989f39cc4575773e8668fb0197499d34d0c88349745eb2b",
    "https://deno.land/x/drash@v2.7.1/src/dictionaries/mime_db.ts": "8c79952548980ff80977b0e245ac249042b18c78986959ece1c18f07f31a9a3e",
    "https://deno.land/x/drash@v2.7.1/src/dictionaries/mime_types.ts": "043c061375a750c7ae2c9bfd30d46063a5868fb93673ed4f5f09f2434d5defa5",
    "https://deno.land/x/drash@v2.7.1/src/errors.ts": "c104be43d9a9f714bdb5ac29cdb95ce72b6ce110858973dbbe2381dc4898fb57",
    "https://deno.land/x/drash@v2.7.1/src/http/error_handler.ts": "c03d6bdbe95a611a0fde8b24469933ba6046f8dda69c7fa1949c40be89a6363a",
    "https://deno.land/x/drash@v2.7.1/src/http/request.ts": "c5354f770fe199db3bd75bf609efb14e93ec4a994739dab35e6778d20e86d462",
    "https://deno.land/x/drash@v2.7.1/src/http/resource.ts": "ba5cb8af6f7896cc3def5981f6e2edc6021cfbfbdba3cb4b41e6eadf759984c3",
    "https://deno.land/x/drash@v2.7.1/src/http/response.ts": "1e40806f2fcbd958ccbdd90ead24436d013a33f07c57cf652e04763699a44c60",
    "https://deno.land/x/drash@v2.7.1/src/http/server.ts": "6cb8d43d984674a00df5e36fc710c6049601b162cd7d98e4dd164ba8ce0fa47c",
    "https://deno.land/x/drash@v2.7.1/src/http/service.ts": "f7e3854b10915e9621d496558137e677745bcad7e9eabd4a1a6365fc499ba82e",
    "https://deno.land/x/drash@v2.7.1/src/interfaces.ts": "364a154de4429e27bbb4b1111d2ab9192ac053cee0ed1644d742fdd45fbd4b1f",
    "https://deno.land/x/drash@v2.7.1/src/services/cors/cors.ts": "c5bcaafb82bbb87c9574105df10cae05a313cac2922eeb4fbab4455767560ace",
    "https://deno.land/x/drash@v2.7.1/src/services/cors/deps.ts": "69083fa30f2e7503aa51791c0608780d543eb0c538641d02daa0bad239c36f9c",
    "https://deno.land/x/drash@v2.7.1/src/services/dexter/deps.ts": "7e3f77624163cd6828f551aac129561791691d791a9c15cb62236c460bea1ee2",
    "https://deno.land/x/drash@v2.7.1/src/services/dexter/dexter.ts": "68eb106231ffb1cb9e90a06db7e4d341668de67d49a9139f81c451f317aa7f35",
    "https://deno.land/x/drash@v2.7.1/src/types.ts": "f46cf6c6dda93cf59b2b8730fcb8534f969bf4e3e6cde233be449d4b0b9816a8",
    "https://deno.land/x/unilogger@v1.0.4/deps.ts": "13d75480e523b5fe4b7cc22a5ebb20e2221fb49f2ff4e4addb1c369fcabd0a6c",
    "https://deno.land/x/unilogger@v1.0.4/mod.ts": "7f48997932cc7def24be8f291a6158b0d290323f870afee794e8767dfc341a5d",
    "https://deno.land/x/unilogger@v1.0.4/src/console_logger.ts": "0c38e2eb75246c8c603fd90e06fa0362afc2c00d84d0165731742b1e89737c1c",
    "https://deno.land/x/unilogger@v1.0.4/src/file_logger.ts": "8ba219f0c0fbeb1abf34ba31245c1b7b007aa004f0f3a990ef99f17490b1667f",
    "https://deno.land/x/unilogger@v1.0.4/src/logger.ts": "c2544aa75b8aa58171d34b9fc8af385e71b9b2331331649ea9d915dbbd355929",
    "https://esm.sh/deta@1.1.0": "166e1f642e21d2053b425d62d9e3aecf6e587bb493f6a47734bb1fc2d36a2546",
    "https://esm.sh/v99/deta@1.1.0/deno/deta.js": "2b578c270b9472f90e8cbf33fbf0d54d2d7829232433673af06323749cfdc40c",
    "https://esm.sh/v99/deta@1.1.0/dist/types/base/base.d.ts": "996e220fbc9517078858eb8f16f4ba45035bd75d04f719e4e6aba09bffe97f5a",
    "https://esm.sh/v99/deta@1.1.0/dist/types/base/index.d.ts": "3f14c09f6dc60128136d3f32254fe0aee048c9b2adfebfe814692bbe10ff70a7",
    "https://esm.sh/v99/deta@1.1.0/dist/types/base/utils.d.ts": "ecf8c0825db15dd4fa03f621ee3bd15c856b9489cdbc891ca333add2a0d5a615",
    "https://esm.sh/v99/deta@1.1.0/dist/types/deta.d.ts": "528518683b04ce1b49a6482c8e800cc87e1778ed57d244c3fe9de71cad3e0fe3",
    "https://esm.sh/v99/deta@1.1.0/dist/types/drive/drive.d.ts": "b302eb5bfe0e468b9ec48c92312db6f08e6f994b88ecda412552f927817b552c",
    "https://esm.sh/v99/deta@1.1.0/dist/types/drive/index.d.ts": "c68ea5d2f098f9e80a7f21b0969cb1e62cec9aeda49f6ed3d8378d7b92e8bee1",
    "https://esm.sh/v99/deta@1.1.0/dist/types/index.d.ts": "4840bd8aa669e4df39afc085f3a7d568db42a77ee0da9715e97c28095b9a371a",
    "https://esm.sh/v99/deta@1.1.0/dist/types/index.node.d.ts": "b299ddedc7456f27b32502fef48b518b4aa5f8a0e3addb1a46e6d85594afd405",
    "https://esm.sh/v99/deta@1.1.0/dist/types/types/action.d.ts": "ccf8cb118307f4ecb1ad7fbdb4e9b0e8d571a4cb91d2f44df8405f4802a624ac",
    "https://esm.sh/v99/deta@1.1.0/dist/types/types/base/request.d.ts": "69c74469b9fd09eb2141f6a0b345a8bba8db7053cdddbdfef7df9a2a31e5d054",
    "https://esm.sh/v99/deta@1.1.0/dist/types/types/base/response.d.ts": "1e70b547be5bb253c1f42ff11104e6ee5bc5ceaa367caba04743eda90bfd0652",
    "https://esm.sh/v99/deta@1.1.0/dist/types/types/basic.d.ts": "5460aba40b71a3c767443bacff7339e4558a5cc2118d84bc756ac24a28576fe2",
    "https://esm.sh/v99/deta@1.1.0/dist/types/types/drive/request.d.ts": "b783c7f2d950e0901d8f3dee76d08204a758d61795a529da48bc2fbff8bb78c1",
    "https://esm.sh/v99/deta@1.1.0/dist/types/types/drive/response.d.ts": "f419c4e5af01a735e0a25c692882ab24ffa566c3a4fdcc26a62c64e1647b6c75",
    "https://esm.sh/v99/deta@1.1.0/dist/types/types/key.d.ts": "ecae810743096d4e994797dcacf684a413aaa6891c5a8012fd386b79bfad29f0",
    "https://esm.sh/v99/deta@1.1.0/dist/types/types/libjs.d.ts": "7ed334543253d45826f25c4c8300bca1ffde80cc99be4c0089004c8cf2630175",
    "https://esm.sh/v99/node.ns.d.ts": "0fb081f0cd2150931bd54baa04f31466abd9ca701fd9060d07931402cf8367ba",
    "https://raw.githubusercontent.com/dmpjs/vary/v1.1.0/mod.ts": "67bf3456d7a3e5136f1bacb47c842dd9b586104930bdb96768eb1aa3f7c2ea72",
    "https://raw.githubusercontent.com/dmpjs/vary/v1.1.0/src/append.ts": "cb4819b36591878947af2e608a8a5ecc33a083f5df0f213396268d3305866f70",
    "https://raw.githubusercontent.com/dmpjs/vary/v1.1.0/src/vary.ts": "f58c714b97dada334055d21c31aec9034628609ad3ed39309028eb95df2b3ad9"
  }
}
